
Microsoft Visual Studio Solution File, Format Version 12.00
# Visual Studio Version 17
VisualStudioVersion = 17.11.35312.102
MinimumVisualStudioVersion = 10.0.40219.1
Project("{FAE04EC0-301F-11D3-BF4B-00C04F79EFBC}") = "Investment Calculator", "Investment Calculator\Investment Calculator.csproj", "{A4A52BBB-63BC-4CFB-AD3F-866298A2F55B}"
EndProject
Global
	GlobalSection(SolutionConfigurationPlatforms) = preSolution
		Debug|Any CPU = Debug|Any CPU
		Release|Any CPU = Release|Any CPU
	EndGlobalSection
	GlobalSection(ProjectConfigurationPlatforms) = postSolution
		{A4A52BBB-63BC-4CFB-AD3F-866298A2F55B}.Debug|Any CPU.ActiveCfg = Debug|Any CPU
		{A4A52BBB-63BC-4CFB-AD3F-866298A2F55B}.Debug|Any CPU.Build.0 = Debug|Any CPU
		{A4A52BBB-63BC-4CFB-AD3F-866298A2F55B}.Release|Any CPU.ActiveCfg = Release|Any CPU
		{A4A52BBB-63BC-4CFB-AD3F-866298A2F55B}.Release|Any CPU.Build.0 = Release|Any CPU
	EndGlobalSection
	GlobalSection(SolutionProperties) = preSolution
		HideSolutionNode = FALSE
	EndGlobalSection
	GlobalSection(ExtensibilityGlobals) = postSolution
		SolutionGuid = {B139D617-6F36-441F-95D6-09FB1B023381}
	EndGlobalSection
EndGlobal
